
Microsoft Visual Studio Solution File, Format Version 12.00
# Visual Studio Version 16
VisualStudioVersion = 16.0.31729.503
MinimumVisualStudioVersion = 10.0.40219.1
Project("{8BC9CEB8-8B4A-11D0-8D11-00A0C91BC942}") = "加减乘除", "加减乘除\加减乘除.vcxproj", "{30513389-394A-4F91-9D42-0C921332F41E}"
EndProject
Global
	GlobalSection(SolutionConfigurationPlatforms) = preSolution
		Debug|x64 = Debug|x64
		Debug|x86 = Debug|x86
		Release|x64 = Release|x64
		Release|x86 = Release|x86
	EndGlobalSection
	GlobalSection(ProjectConfigurationPlatforms) = postSolution
		{30513389-394A-4F91-9D42-0C921332F41E}.Debug|x64.ActiveCfg = Debug|x64
		{30513389-394A-4F91-9D42-0C921332F41E}.Debug|x64.Build.0 = Debug|x64
		{30513389-394A-4F91-9D42-0C921332F41E}.Debug|x86.ActiveCfg = Debug|Win32
		{30513389-394A-4F91-9D42-0C921332F41E}.Debug|x86.Build.0 = Debug|Win32
		{30513389-394A-4F91-9D42-0C921332F41E}.Release|x64.ActiveCfg = Release|x64
		{30513389-394A-4F91-9D42-0C921332F41E}.Release|x64.Build.0 = Release|x64
		{30513389-394A-4F91-9D42-0C921332F41E}.Release|x86.ActiveCfg = Release|Win32
		{30513389-394A-4F91-9D42-0C921332F41E}.Release|x86.Build.0 = Release|Win32
	EndGlobalSection
	GlobalSection(SolutionProperties) = preSolution
		HideSolutionNode = FALSE
	EndGlobalSection
	GlobalSection(ExtensibilityGlobals) = postSolution
		SolutionGuid = {F685CE36-BD8A-4BBD-8092-87A59C69CFFF}
	EndGlobalSection
EndGlobal
