
Microsoft Visual Studio Solution File, Format Version 12.00
# Visual Studio Version 16
VisualStudioVersion = 16.0.31729.503
MinimumVisualStudioVersion = 10.0.40219.1
Project("{8BC9CEB8-8B4A-11D0-8D11-00A0C91BC942}") = "4.21_test1", "4.21_test1\4.21_test1.vcxproj", "{7E9EF3F2-E79C-45E8-803D-766FB0A013BD}"
EndProject
Global
	GlobalSection(SolutionConfigurationPlatforms) = preSolution
		Debug|x64 = Debug|x64
		Debug|x86 = Debug|x86
		Release|x64 = Release|x64
		Release|x86 = Release|x86
	EndGlobalSection
	GlobalSection(ProjectConfigurationPlatforms) = postSolution
		{7E9EF3F2-E79C-45E8-803D-766FB0A013BD}.Debug|x64.ActiveCfg = Debug|x64
		{7E9EF3F2-E79C-45E8-803D-766FB0A013BD}.Debug|x64.Build.0 = Debug|x64
		{7E9EF3F2-E79C-45E8-803D-766FB0A013BD}.Debug|x86.ActiveCfg = Debug|Win32
		{7E9EF3F2-E79C-45E8-803D-766FB0A013BD}.Debug|x86.Build.0 = Debug|Win32
		{7E9EF3F2-E79C-45E8-803D-766FB0A013BD}.Release|x64.ActiveCfg = Release|x64
		{7E9EF3F2-E79C-45E8-803D-766FB0A013BD}.Release|x64.Build.0 = Release|x64
		{7E9EF3F2-E79C-45E8-803D-766FB0A013BD}.Release|x86.ActiveCfg = Release|Win32
		{7E9EF3F2-E79C-45E8-803D-766FB0A013BD}.Release|x86.Build.0 = Release|Win32
	EndGlobalSection
	GlobalSection(SolutionProperties) = preSolution
		HideSolutionNode = FALSE
	EndGlobalSection
	GlobalSection(ExtensibilityGlobals) = postSolution
		SolutionGuid = {E3B5EE2E-B61F-4A96-9DD2-101745338E23}
	EndGlobalSection
EndGlobal
