
Microsoft Visual Studio Solution File, Format Version 12.00
# Visual Studio Version 17
VisualStudioVersion = 17.1.32421.90
MinimumVisualStudioVersion = 10.0.40219.1
Project("{8BC9CEB8-8B4A-11D0-8D11-00A0C91BC942}") = "5.5", "5.5\5.5.vcxproj", "{4678BAB0-154A-4F82-AEE5-AFE93EA27B21}"
EndProject
Global
	GlobalSection(SolutionConfigurationPlatforms) = preSolution
		Debug|x64 = Debug|x64
		Debug|x86 = Debug|x86
		Release|x64 = Release|x64
		Release|x86 = Release|x86
	EndGlobalSection
	GlobalSection(ProjectConfigurationPlatforms) = postSolution
		{4678BAB0-154A-4F82-AEE5-AFE93EA27B21}.Debug|x64.ActiveCfg = Debug|x64
		{4678BAB0-154A-4F82-AEE5-AFE93EA27B21}.Debug|x64.Build.0 = Debug|x64
		{4678BAB0-154A-4F82-AEE5-AFE93EA27B21}.Debug|x86.ActiveCfg = Debug|Win32
		{4678BAB0-154A-4F82-AEE5-AFE93EA27B21}.Debug|x86.Build.0 = Debug|Win32
		{4678BAB0-154A-4F82-AEE5-AFE93EA27B21}.Release|x64.ActiveCfg = Release|x64
		{4678BAB0-154A-4F82-AEE5-AFE93EA27B21}.Release|x64.Build.0 = Release|x64
		{4678BAB0-154A-4F82-AEE5-AFE93EA27B21}.Release|x86.ActiveCfg = Release|Win32
		{4678BAB0-154A-4F82-AEE5-AFE93EA27B21}.Release|x86.Build.0 = Release|Win32
	EndGlobalSection
	GlobalSection(SolutionProperties) = preSolution
		HideSolutionNode = FALSE
	EndGlobalSection
	GlobalSection(ExtensibilityGlobals) = postSolution
		SolutionGuid = {993BF53D-649C-4738-A71F-61AC98610B3C}
	EndGlobalSection
EndGlobal
